
Microsoft Visual Studio Solution File, Format Version 12.00
# Visual Studio Version 16
VisualStudioVersion = 16.0.29009.5
MinimumVisualStudioVersion = 10.0.40219.1
Project("{9A19103F-16F7-4668-BE54-9A1E7A4F7556}") = "HergBotSqlParser", "HergBotSqlParser.csproj", "{EDAB4ACC-9101-4037-BFDF-F086C7FD31B0}"
EndProject
Project("{FAE04EC0-301F-11D3-BF4B-00C04F79EFBC}") = "HergBotSqlParser_Tests", "SqlParser_Tests\HergBotSqlParser_Tests.csproj", "{E0B9DAF0-288A-43CE-B22F-CCB5C1F30EA1}"
EndProject
Global
	GlobalSection(SolutionConfigurationPlatforms) = preSolution
		Debug|Any CPU = Debug|Any CPU
		Release|Any CPU = Release|Any CPU
	EndGlobalSection
	GlobalSection(ProjectConfigurationPlatforms) = postSolution
		{EDAB4ACC-9101-4037-BFDF-F086C7FD31B0}.Debug|Any CPU.ActiveCfg = Debug|Any CPU
		{EDAB4ACC-9101-4037-BFDF-F086C7FD31B0}.Debug|Any CPU.Build.0 = Debug|Any CPU
		{EDAB4ACC-9101-4037-BFDF-F086C7FD31B0}.Release|Any CPU.ActiveCfg = Release|Any CPU
		{EDAB4ACC-9101-4037-BFDF-F086C7FD31B0}.Release|Any CPU.Build.0 = Release|Any CPU
		{E0B9DAF0-288A-43CE-B22F-CCB5C1F30EA1}.Debug|Any CPU.ActiveCfg = Debug|Any CPU
		{E0B9DAF0-288A-43CE-B22F-CCB5C1F30EA1}.Debug|Any CPU.Build.0 = Debug|Any CPU
		{E0B9DAF0-288A-43CE-B22F-CCB5C1F30EA1}.Release|Any CPU.ActiveCfg = Release|Any CPU
		{E0B9DAF0-288A-43CE-B22F-CCB5C1F30EA1}.Release|Any CPU.Build.0 = Release|Any CPU
	EndGlobalSection
	GlobalSection(SolutionProperties) = preSolution
		HideSolutionNode = FALSE
	EndGlobalSection
	GlobalSection(ExtensibilityGlobals) = postSolution
		SolutionGuid = {C6A66D09-C986-463E-83C2-9F63381B4FD5}
	EndGlobalSection
EndGlobal
